
Microsoft Visual Studio Solution File, Format Version 12.00
# Visual Studio Version 17
VisualStudioVersion = 17.3.32804.467
MinimumVisualStudioVersion = 10.0.40219.1
Project("{2150E333-8FDC-42A3-9474-1A3956D46DE8}") = "Core", "Core", "{23F4934E-8349-4503-A203-BA987E3A0CAB}"
EndProject
Project("{2150E333-8FDC-42A3-9474-1A3956D46DE8}") = "Infrastructure", "Infrastructure", "{2B00C10C-249A-456A-96D3-41F7C8181A2D}"
EndProject
Project("{2150E333-8FDC-42A3-9474-1A3956D46DE8}") = "Presentation", "Presentation", "{DF8D2807-F95F-43A4-BFE5-4D7A6610E39E}"
EndProject
Project("{2150E333-8FDC-42A3-9474-1A3956D46DE8}") = "Test", "Test", "{3014EF39-EDB5-4719-9E4B-AB869A03EC0D}"
EndProject
Project("{FAE04EC0-301F-11D3-BF4B-00C04F79EFBC}") = "CleanArchitecture.Domain", "Domain\CleanArchitecture.Domain.csproj", "{82D05F68-66DA-40E5-9A86-8B95486928DC}"
EndProject
Project("{FAE04EC0-301F-11D3-BF4B-00C04F79EFBC}") = "CleanArchitecture.Application", "CleanArchitecture.Application\CleanArchitecture.Application.csproj", "{786F630B-F701-4BEF-955A-E44260318F48}"
EndProject
Project("{FAE04EC0-301F-11D3-BF4B-00C04F79EFBC}") = "CleanArchitecture.Persistence", "Persistence\CleanArchitecture.Persistence.csproj", "{D28AEE23-9221-4D2B-8D8E-77CB80EAB6A8}"
EndProject
Project("{FAE04EC0-301F-11D3-BF4B-00C04F79EFBC}") = "CleanArchitecture.WebAPI", "CleanArchitecture.WebAPI\CleanArchitecture.WebAPI.csproj", "{DCC7894B-5809-43BA-BA89-B38DB5EDD224}"
EndProject
Project("{FAE04EC0-301F-11D3-BF4B-00C04F79EFBC}") = "CleanArchitecture.UnitTest", "CleanArchitecture.UnitTest\CleanArchitecture.UnitTest.csproj", "{C168355A-1757-4AB0-A0BA-40253B2CF498}"
EndProject
Global
	GlobalSection(SolutionConfigurationPlatforms) = preSolution
		Debug|Any CPU = Debug|Any CPU
		Release|Any CPU = Release|Any CPU
	EndGlobalSection
	GlobalSection(ProjectConfigurationPlatforms) = postSolution
		{82D05F68-66DA-40E5-9A86-8B95486928DC}.Debug|Any CPU.ActiveCfg = Debug|Any CPU
		{82D05F68-66DA-40E5-9A86-8B95486928DC}.Debug|Any CPU.Build.0 = Debug|Any CPU
		{82D05F68-66DA-40E5-9A86-8B95486928DC}.Release|Any CPU.ActiveCfg = Release|Any CPU
		{82D05F68-66DA-40E5-9A86-8B95486928DC}.Release|Any CPU.Build.0 = Release|Any CPU
		{786F630B-F701-4BEF-955A-E44260318F48}.Debug|Any CPU.ActiveCfg = Debug|Any CPU
		{786F630B-F701-4BEF-955A-E44260318F48}.Debug|Any CPU.Build.0 = Debug|Any CPU
		{786F630B-F701-4BEF-955A-E44260318F48}.Release|Any CPU.ActiveCfg = Release|Any CPU
		{786F630B-F701-4BEF-955A-E44260318F48}.Release|Any CPU.Build.0 = Release|Any CPU
		{D28AEE23-9221-4D2B-8D8E-77CB80EAB6A8}.Debug|Any CPU.ActiveCfg = Debug|Any CPU
		{D28AEE23-9221-4D2B-8D8E-77CB80EAB6A8}.Debug|Any CPU.Build.0 = Debug|Any CPU
		{D28AEE23-9221-4D2B-8D8E-77CB80EAB6A8}.Release|Any CPU.ActiveCfg = Release|Any CPU
		{D28AEE23-9221-4D2B-8D8E-77CB80EAB6A8}.Release|Any CPU.Build.0 = Release|Any CPU
		{DCC7894B-5809-43BA-BA89-B38DB5EDD224}.Debug|Any CPU.ActiveCfg = Debug|Any CPU
		{DCC7894B-5809-43BA-BA89-B38DB5EDD224}.Debug|Any CPU.Build.0 = Debug|Any CPU
		{DCC7894B-5809-43BA-BA89-B38DB5EDD224}.Release|Any CPU.ActiveCfg = Release|Any CPU
		{DCC7894B-5809-43BA-BA89-B38DB5EDD224}.Release|Any CPU.Build.0 = Release|Any CPU
		{C168355A-1757-4AB0-A0BA-40253B2CF498}.Debug|Any CPU.ActiveCfg = Debug|Any CPU
		{C168355A-1757-4AB0-A0BA-40253B2CF498}.Debug|Any CPU.Build.0 = Debug|Any CPU
		{C168355A-1757-4AB0-A0BA-40253B2CF498}.Release|Any CPU.ActiveCfg = Release|Any CPU
		{C168355A-1757-4AB0-A0BA-40253B2CF498}.Release|Any CPU.Build.0 = Release|Any CPU
	EndGlobalSection
	GlobalSection(SolutionProperties) = preSolution
		HideSolutionNode = FALSE
	EndGlobalSection
	GlobalSection(NestedProjects) = preSolution
		{82D05F68-66DA-40E5-9A86-8B95486928DC} = {23F4934E-8349-4503-A203-BA987E3A0CAB}
		{786F630B-F701-4BEF-955A-E44260318F48} = {23F4934E-8349-4503-A203-BA987E3A0CAB}
		{D28AEE23-9221-4D2B-8D8E-77CB80EAB6A8} = {2B00C10C-249A-456A-96D3-41F7C8181A2D}
		{DCC7894B-5809-43BA-BA89-B38DB5EDD224} = {DF8D2807-F95F-43A4-BFE5-4D7A6610E39E}
		{C168355A-1757-4AB0-A0BA-40253B2CF498} = {3014EF39-EDB5-4719-9E4B-AB869A03EC0D}
	EndGlobalSection
	GlobalSection(ExtensibilityGlobals) = postSolution
		SolutionGuid = {06A12052-FC22-4E0C-A753-F9AAA6058187}
	EndGlobalSection
EndGlobal
