
Microsoft Visual Studio Solution File, Format Version 12.00
# Visual Studio Version 17
VisualStudioVersion = 17.0.31903.59
MinimumVisualStudioVersion = 10.0.40219.1
Project("{2150E333-8FDC-42A3-9474-1A3956D46DE8}") = "ResTIConnect", "ResTIConnect", "{28E76112-EFB0-45CB-9370-36AC1A361646}"
EndProject
Project("{FAE04EC0-301F-11D3-BF4B-00C04F79EFBC}") = "ResTIConnect.Domain", "ResTIConnect\ResTIConnect.Domain\ResTIConnect.Domain.csproj", "{5E0774D6-397A-40EE-ABB6-6CC4CD060423}"
EndProject
Project("{FAE04EC0-301F-11D3-BF4B-00C04F79EFBC}") = "ResTIConnect.Infra.Data", "ResTIConnect\ResTIConnect.Infra.Data\ResTIConnect.Infra.Data.csproj", "{8F8CE301-445A-4808-AD10-D0EF8703B72B}"
EndProject
Project("{FAE04EC0-301F-11D3-BF4B-00C04F79EFBC}") = "ResTIConnect.Testes", "ResTIConnect\ResTIConnect.Testes\ResTIConnect.Testes.csproj", "{183DC674-BA97-4440-83C8-B2A5A22D6ED7}"
EndProject
Project("{FAE04EC0-301F-11D3-BF4B-00C04F79EFBC}") = "ResTIConnect.Application", "ResTIConnect.Application\ResTIConnect.Application.csproj", "{A682B5E8-DACC-4B95-A79F-7F0C2E1509FD}"
EndProject
Project("{FAE04EC0-301F-11D3-BF4B-00C04F79EFBC}") = "ResTIConnect.WebAPI", "ResTIConnect.WebAPI\ResTIConnect.WebAPI.csproj", "{B656501A-FCE7-4C5D-A88B-4540C998D65C}"
EndProject
Global
	GlobalSection(SolutionConfigurationPlatforms) = preSolution
		Debug|Any CPU = Debug|Any CPU
		Release|Any CPU = Release|Any CPU
	EndGlobalSection
	GlobalSection(ProjectConfigurationPlatforms) = postSolution
		{C704187B-1F9D-4F62-8DA6-11B123AB1696}.Debug|Any CPU.ActiveCfg = Debug|Any CPU
		{C704187B-1F9D-4F62-8DA6-11B123AB1696}.Debug|Any CPU.Build.0 = Debug|Any CPU
		{C704187B-1F9D-4F62-8DA6-11B123AB1696}.Release|Any CPU.ActiveCfg = Release|Any CPU
		{C704187B-1F9D-4F62-8DA6-11B123AB1696}.Release|Any CPU.Build.0 = Release|Any CPU
		{BDBB4491-D330-4CBE-9AD4-666BC53D20A3}.Debug|Any CPU.ActiveCfg = Debug|Any CPU
		{BDBB4491-D330-4CBE-9AD4-666BC53D20A3}.Debug|Any CPU.Build.0 = Debug|Any CPU
		{BDBB4491-D330-4CBE-9AD4-666BC53D20A3}.Release|Any CPU.ActiveCfg = Release|Any CPU
		{BDBB4491-D330-4CBE-9AD4-666BC53D20A3}.Release|Any CPU.Build.0 = Release|Any CPU
		{0C4F3A50-A411-4A24-8ECC-06200F6051FF}.Debug|Any CPU.ActiveCfg = Debug|Any CPU
		{0C4F3A50-A411-4A24-8ECC-06200F6051FF}.Debug|Any CPU.Build.0 = Debug|Any CPU
		{0C4F3A50-A411-4A24-8ECC-06200F6051FF}.Release|Any CPU.ActiveCfg = Release|Any CPU
		{0C4F3A50-A411-4A24-8ECC-06200F6051FF}.Release|Any CPU.Build.0 = Release|Any CPU
		{5E0774D6-397A-40EE-ABB6-6CC4CD060423}.Debug|Any CPU.ActiveCfg = Debug|Any CPU
		{5E0774D6-397A-40EE-ABB6-6CC4CD060423}.Debug|Any CPU.Build.0 = Debug|Any CPU
		{5E0774D6-397A-40EE-ABB6-6CC4CD060423}.Release|Any CPU.ActiveCfg = Release|Any CPU
		{5E0774D6-397A-40EE-ABB6-6CC4CD060423}.Release|Any CPU.Build.0 = Release|Any CPU
		{8F8CE301-445A-4808-AD10-D0EF8703B72B}.Debug|Any CPU.ActiveCfg = Debug|Any CPU
		{8F8CE301-445A-4808-AD10-D0EF8703B72B}.Debug|Any CPU.Build.0 = Debug|Any CPU
		{8F8CE301-445A-4808-AD10-D0EF8703B72B}.Release|Any CPU.ActiveCfg = Release|Any CPU
		{8F8CE301-445A-4808-AD10-D0EF8703B72B}.Release|Any CPU.Build.0 = Release|Any CPU
		{183DC674-BA97-4440-83C8-B2A5A22D6ED7}.Debug|Any CPU.ActiveCfg = Debug|Any CPU
		{183DC674-BA97-4440-83C8-B2A5A22D6ED7}.Debug|Any CPU.Build.0 = Debug|Any CPU
		{183DC674-BA97-4440-83C8-B2A5A22D6ED7}.Release|Any CPU.ActiveCfg = Release|Any CPU
		{183DC674-BA97-4440-83C8-B2A5A22D6ED7}.Release|Any CPU.Build.0 = Release|Any CPU
		{A682B5E8-DACC-4B95-A79F-7F0C2E1509FD}.Debug|Any CPU.ActiveCfg = Debug|Any CPU
		{A682B5E8-DACC-4B95-A79F-7F0C2E1509FD}.Debug|Any CPU.Build.0 = Debug|Any CPU
		{A682B5E8-DACC-4B95-A79F-7F0C2E1509FD}.Release|Any CPU.ActiveCfg = Release|Any CPU
		{A682B5E8-DACC-4B95-A79F-7F0C2E1509FD}.Release|Any CPU.Build.0 = Release|Any CPU
		{B656501A-FCE7-4C5D-A88B-4540C998D65C}.Debug|Any CPU.ActiveCfg = Debug|Any CPU
		{B656501A-FCE7-4C5D-A88B-4540C998D65C}.Debug|Any CPU.Build.0 = Debug|Any CPU
		{B656501A-FCE7-4C5D-A88B-4540C998D65C}.Release|Any CPU.ActiveCfg = Release|Any CPU
		{B656501A-FCE7-4C5D-A88B-4540C998D65C}.Release|Any CPU.Build.0 = Release|Any CPU
	EndGlobalSection
	GlobalSection(SolutionProperties) = preSolution
		HideSolutionNode = FALSE
	EndGlobalSection
	GlobalSection(NestedProjects) = preSolution
		{5E0774D6-397A-40EE-ABB6-6CC4CD060423} = {28E76112-EFB0-45CB-9370-36AC1A361646}
		{8F8CE301-445A-4808-AD10-D0EF8703B72B} = {28E76112-EFB0-45CB-9370-36AC1A361646}
		{183DC674-BA97-4440-83C8-B2A5A22D6ED7} = {28E76112-EFB0-45CB-9370-36AC1A361646}
		{A682B5E8-DACC-4B95-A79F-7F0C2E1509FD} = {28E76112-EFB0-45CB-9370-36AC1A361646}
		{B656501A-FCE7-4C5D-A88B-4540C998D65C} = {28E76112-EFB0-45CB-9370-36AC1A361646}
	EndGlobalSection
EndGlobal
